Microsoft Visual Studio Solution File, Format Version 11.00
# Visual Studio 2008

Project("{977919C7-AC35-52D9-5890-4F8E7586DD22}") = "493test", "Assembly-CSharp.csproj", "{EE25192C-9E43-C0B9-A70D-820CCC146B0B}"
EndProject
Project("{977919C7-AC35-52D9-5890-4F8E7586DD22}") = "493test", "Assembly-CSharp-Editor.csproj", "{636997D9-2695-892B-2208-C128C7F9E629}"
EndProject
Global
	GlobalSection(SolutionConfigurationPlatforms) = preSolution
		Debug|Any CPU = Debug|Any CPU
		Release|Any CPU = Release|Any CPU
	EndGlobalSection
	GlobalSection(ProjectConfigurationPlatforms) = postSolution
		{EE25192C-9E43-C0B9-A70D-820CCC146B0B}.Debug|Any CPU.ActiveCfg = Debug|Any CPU
		{EE25192C-9E43-C0B9-A70D-820CCC146B0B}.Debug|Any CPU.Build.0 = Debug|Any CPU
		{EE25192C-9E43-C0B9-A70D-820CCC146B0B}.Release|Any CPU.ActiveCfg = Release|Any CPU
		{EE25192C-9E43-C0B9-A70D-820CCC146B0B}.Release|Any CPU.Build.0 = Release|Any CPU
		{636997D9-2695-892B-2208-C128C7F9E629}.Debug|Any CPU.ActiveCfg = Debug|Any CPU
		{636997D9-2695-892B-2208-C128C7F9E629}.Debug|Any CPU.Build.0 = Debug|Any CPU
		{636997D9-2695-892B-2208-C128C7F9E629}.Release|Any CPU.ActiveCfg = Release|Any CPU
		{636997D9-2695-892B-2208-C128C7F9E629}.Release|Any CPU.Build.0 = Release|Any CPU
	EndGlobalSection
	GlobalSection(SolutionProperties) = preSolution
		HideSolutionNode = FALSE
	EndGlobalSection
																																																																																		GlobalSection(MonoDevelopProperties) = preSolution
		StartupItem = Assembly-CSharp.csproj
		Policies = $0
		$0.TextStylePolicy = $1
		$1.inheritsSet = null
		$1.scope = text/x-csharp
		$0.CSharpFormattingPolicy = $2
		$2.inheritsSet = Mono
		$2.inheritsScope = text/x-csharp
		$2.scope = text/x-csharp
		$0.TextStylePolicy = $3
		$3.FileWidth = 120
		$3.TabWidth = 4
		$3.EolMarker = Unix
		$3.inheritsSet = Mono
		$3.inheritsScope = text/plain
		$3.scope = text/plain
	EndGlobalSection

EndGlobal
